
Microsoft Visual Studio Solution File, Format Version 12.00
# Visual Studio 15
VisualStudioVersion = 15.0.26124.0
MinimumVisualStudioVersion = 15.0.26124.0
Project("{2150E333-8FDC-42A3-9474-1A3956D46DE8}") = "Conversion", "Conversion", "{8EB95506-65F0-43BB-AF77-99B1C69A0071}"
EndProject
Project("{FAE04EC0-301F-11D3-BF4B-00C04F79EFBC}") = "Conversion", "Conversion\Conversion\Conversion.csproj", "{456F4CD8-526B-4F87-AC09-F3C2AE479DE9}"
EndProject
Project("{2150E333-8FDC-42A3-9474-1A3956D46DE8}") = "Create", "Create", "{8DCF99EF-0537-4848-8431-2D992C3D999A}"
EndProject
Project("{FAE04EC0-301F-11D3-BF4B-00C04F79EFBC}") = "Create", "Create\Create\Create.csproj", "{1D196EA2-EF38-4B3B-9063-EDC37C37B7B6}"
EndProject
Project("{2150E333-8FDC-42A3-9474-1A3956D46DE8}") = "Update", "Update", "{ECDB8B89-12A4-4993-9EB4-92AE959B78C6}"
EndProject
Project("{FAE04EC0-301F-11D3-BF4B-00C04F79EFBC}") = "Update", "Update\Update\Update.csproj", "{761905BD-AEAB-4BFF-BCA4-838001B728C4}"
EndProject
Project("{2150E333-8FDC-42A3-9474-1A3956D46DE8}") = "Delete", "Delete", "{7C85D878-FB69-4503-BE6C-B37937255E77}"
EndProject
Project("{FAE04EC0-301F-11D3-BF4B-00C04F79EFBC}") = "Delete", "Delete\Delete\Delete.csproj", "{CC21684F-0A9B-44FB-A0DD-128B8A1443F4}"
EndProject
Project("{2150E333-8FDC-42A3-9474-1A3956D46DE8}") = "Gateway", "Gateway", "{AA17BF6B-D866-45F1-AFC3-F26E8A69869B}"
EndProject
Project("{FAE04EC0-301F-11D3-BF4B-00C04F79EFBC}") = "Gateway", "Gateway\Gateway\Gateway.csproj", "{12E30B32-41BD-4ED0-9410-5097641126FC}"
EndProject
Project("{2150E333-8FDC-42A3-9474-1A3956D46DE8}") = "Read", "Read", "{CBC0A50C-D10E-4A0E-BE25-5A9EBB74296B}"
EndProject
Project("{FAE04EC0-301F-11D3-BF4B-00C04F79EFBC}") = "Read", "Read\Read\Read.csproj", "{84DA30A4-2248-45E8-A4DD-3F3F572ECB2E}"
EndProject
Global
	GlobalSection(SolutionConfigurationPlatforms) = preSolution
		Debug|Any CPU = Debug|Any CPU
		Debug|x64 = Debug|x64
		Debug|x86 = Debug|x86
		Release|Any CPU = Release|Any CPU
		Release|x64 = Release|x64
		Release|x86 = Release|x86
	EndGlobalSection
	GlobalSection(SolutionProperties) = preSolution
		HideSolutionNode = FALSE
	EndGlobalSection
	GlobalSection(ProjectConfigurationPlatforms) = postSolution
		{456F4CD8-526B-4F87-AC09-F3C2AE479DE9}.Debug|Any CPU.ActiveCfg = Debug|Any CPU
		{456F4CD8-526B-4F87-AC09-F3C2AE479DE9}.Debug|Any CPU.Build.0 = Debug|Any CPU
		{456F4CD8-526B-4F87-AC09-F3C2AE479DE9}.Debug|x64.ActiveCfg = Debug|Any CPU
		{456F4CD8-526B-4F87-AC09-F3C2AE479DE9}.Debug|x64.Build.0 = Debug|Any CPU
		{456F4CD8-526B-4F87-AC09-F3C2AE479DE9}.Debug|x86.ActiveCfg = Debug|Any CPU
		{456F4CD8-526B-4F87-AC09-F3C2AE479DE9}.Debug|x86.Build.0 = Debug|Any CPU
		{456F4CD8-526B-4F87-AC09-F3C2AE479DE9}.Release|Any CPU.ActiveCfg = Release|Any CPU
		{456F4CD8-526B-4F87-AC09-F3C2AE479DE9}.Release|Any CPU.Build.0 = Release|Any CPU
		{456F4CD8-526B-4F87-AC09-F3C2AE479DE9}.Release|x64.ActiveCfg = Release|Any CPU
		{456F4CD8-526B-4F87-AC09-F3C2AE479DE9}.Release|x64.Build.0 = Release|Any CPU
		{456F4CD8-526B-4F87-AC09-F3C2AE479DE9}.Release|x86.ActiveCfg = Release|Any CPU
		{456F4CD8-526B-4F87-AC09-F3C2AE479DE9}.Release|x86.Build.0 = Release|Any CPU
		{1D196EA2-EF38-4B3B-9063-EDC37C37B7B6}.Debug|Any CPU.ActiveCfg = Debug|Any CPU
		{1D196EA2-EF38-4B3B-9063-EDC37C37B7B6}.Debug|Any CPU.Build.0 = Debug|Any CPU
		{1D196EA2-EF38-4B3B-9063-EDC37C37B7B6}.Debug|x64.ActiveCfg = Debug|Any CPU
		{1D196EA2-EF38-4B3B-9063-EDC37C37B7B6}.Debug|x64.Build.0 = Debug|Any CPU
		{1D196EA2-EF38-4B3B-9063-EDC37C37B7B6}.Debug|x86.ActiveCfg = Debug|Any CPU
		{1D196EA2-EF38-4B3B-9063-EDC37C37B7B6}.Debug|x86.Build.0 = Debug|Any CPU
		{1D196EA2-EF38-4B3B-9063-EDC37C37B7B6}.Release|Any CPU.ActiveCfg = Release|Any CPU
		{1D196EA2-EF38-4B3B-9063-EDC37C37B7B6}.Release|Any CPU.Build.0 = Release|Any CPU
		{1D196EA2-EF38-4B3B-9063-EDC37C37B7B6}.Release|x64.ActiveCfg = Release|Any CPU
		{1D196EA2-EF38-4B3B-9063-EDC37C37B7B6}.Release|x64.Build.0 = Release|Any CPU
		{1D196EA2-EF38-4B3B-9063-EDC37C37B7B6}.Release|x86.ActiveCfg = Release|Any CPU
		{1D196EA2-EF38-4B3B-9063-EDC37C37B7B6}.Release|x86.Build.0 = Release|Any CPU
		{761905BD-AEAB-4BFF-BCA4-838001B728C4}.Debug|Any CPU.ActiveCfg = Debug|Any CPU
		{761905BD-AEAB-4BFF-BCA4-838001B728C4}.Debug|Any CPU.Build.0 = Debug|Any CPU
		{761905BD-AEAB-4BFF-BCA4-838001B728C4}.Debug|x64.ActiveCfg = Debug|Any CPU
		{761905BD-AEAB-4BFF-BCA4-838001B728C4}.Debug|x64.Build.0 = Debug|Any CPU
		{761905BD-AEAB-4BFF-BCA4-838001B728C4}.Debug|x86.ActiveCfg = Debug|Any CPU
		{761905BD-AEAB-4BFF-BCA4-838001B728C4}.Debug|x86.Build.0 = Debug|Any CPU
		{761905BD-AEAB-4BFF-BCA4-838001B728C4}.Release|Any CPU.ActiveCfg = Release|Any CPU
		{761905BD-AEAB-4BFF-BCA4-838001B728C4}.Release|Any CPU.Build.0 = Release|Any CPU
		{761905BD-AEAB-4BFF-BCA4-838001B728C4}.Release|x64.ActiveCfg = Release|Any CPU
		{761905BD-AEAB-4BFF-BCA4-838001B728C4}.Release|x64.Build.0 = Release|Any CPU
		{761905BD-AEAB-4BFF-BCA4-838001B728C4}.Release|x86.ActiveCfg = Release|Any CPU
		{761905BD-AEAB-4BFF-BCA4-838001B728C4}.Release|x86.Build.0 = Release|Any CPU
		{CC21684F-0A9B-44FB-A0DD-128B8A1443F4}.Debug|Any CPU.ActiveCfg = Debug|Any CPU
		{CC21684F-0A9B-44FB-A0DD-128B8A1443F4}.Debug|Any CPU.Build.0 = Debug|Any CPU
		{CC21684F-0A9B-44FB-A0DD-128B8A1443F4}.Debug|x64.ActiveCfg = Debug|Any CPU
		{CC21684F-0A9B-44FB-A0DD-128B8A1443F4}.Debug|x64.Build.0 = Debug|Any CPU
		{CC21684F-0A9B-44FB-A0DD-128B8A1443F4}.Debug|x86.ActiveCfg = Debug|Any CPU
		{CC21684F-0A9B-44FB-A0DD-128B8A1443F4}.Debug|x86.Build.0 = Debug|Any CPU
		{CC21684F-0A9B-44FB-A0DD-128B8A1443F4}.Release|Any CPU.ActiveCfg = Release|Any CPU
		{CC21684F-0A9B-44FB-A0DD-128B8A1443F4}.Release|Any CPU.Build.0 = Release|Any CPU
		{CC21684F-0A9B-44FB-A0DD-128B8A1443F4}.Release|x64.ActiveCfg = Release|Any CPU
		{CC21684F-0A9B-44FB-A0DD-128B8A1443F4}.Release|x64.Build.0 = Release|Any CPU
		{CC21684F-0A9B-44FB-A0DD-128B8A1443F4}.Release|x86.ActiveCfg = Release|Any CPU
		{CC21684F-0A9B-44FB-A0DD-128B8A1443F4}.Release|x86.Build.0 = Release|Any CPU
		{12E30B32-41BD-4ED0-9410-5097641126FC}.Debug|Any CPU.ActiveCfg = Debug|Any CPU
		{12E30B32-41BD-4ED0-9410-5097641126FC}.Debug|Any CPU.Build.0 = Debug|Any CPU
		{12E30B32-41BD-4ED0-9410-5097641126FC}.Debug|x64.ActiveCfg = Debug|Any CPU
		{12E30B32-41BD-4ED0-9410-5097641126FC}.Debug|x64.Build.0 = Debug|Any CPU
		{12E30B32-41BD-4ED0-9410-5097641126FC}.Debug|x86.ActiveCfg = Debug|Any CPU
		{12E30B32-41BD-4ED0-9410-5097641126FC}.Debug|x86.Build.0 = Debug|Any CPU
		{12E30B32-41BD-4ED0-9410-5097641126FC}.Release|Any CPU.ActiveCfg = Release|Any CPU
		{12E30B32-41BD-4ED0-9410-5097641126FC}.Release|Any CPU.Build.0 = Release|Any CPU
		{12E30B32-41BD-4ED0-9410-5097641126FC}.Release|x64.ActiveCfg = Release|Any CPU
		{12E30B32-41BD-4ED0-9410-5097641126FC}.Release|x64.Build.0 = Release|Any CPU
		{12E30B32-41BD-4ED0-9410-5097641126FC}.Release|x86.ActiveCfg = Release|Any CPU
		{12E30B32-41BD-4ED0-9410-5097641126FC}.Release|x86.Build.0 = Release|Any CPU
		{84DA30A4-2248-45E8-A4DD-3F3F572ECB2E}.Debug|Any CPU.ActiveCfg = Debug|Any CPU
		{84DA30A4-2248-45E8-A4DD-3F3F572ECB2E}.Debug|Any CPU.Build.0 = Debug|Any CPU
		{84DA30A4-2248-45E8-A4DD-3F3F572ECB2E}.Debug|x64.ActiveCfg = Debug|Any CPU
		{84DA30A4-2248-45E8-A4DD-3F3F572ECB2E}.Debug|x64.Build.0 = Debug|Any CPU
		{84DA30A4-2248-45E8-A4DD-3F3F572ECB2E}.Debug|x86.ActiveCfg = Debug|Any CPU
		{84DA30A4-2248-45E8-A4DD-3F3F572ECB2E}.Debug|x86.Build.0 = Debug|Any CPU
		{84DA30A4-2248-45E8-A4DD-3F3F572ECB2E}.Release|Any CPU.ActiveCfg = Release|Any CPU
		{84DA30A4-2248-45E8-A4DD-3F3F572ECB2E}.Release|Any CPU.Build.0 = Release|Any CPU
		{84DA30A4-2248-45E8-A4DD-3F3F572ECB2E}.Release|x64.ActiveCfg = Release|Any CPU
		{84DA30A4-2248-45E8-A4DD-3F3F572ECB2E}.Release|x64.Build.0 = Release|Any CPU
		{84DA30A4-2248-45E8-A4DD-3F3F572ECB2E}.Release|x86.ActiveCfg = Release|Any CPU
		{84DA30A4-2248-45E8-A4DD-3F3F572ECB2E}.Release|x86.Build.0 = Release|Any CPU
	EndGlobalSection
	GlobalSection(NestedProjects) = preSolution
		{456F4CD8-526B-4F87-AC09-F3C2AE479DE9} = {8EB95506-65F0-43BB-AF77-99B1C69A0071}
		{1D196EA2-EF38-4B3B-9063-EDC37C37B7B6} = {8DCF99EF-0537-4848-8431-2D992C3D999A}
		{761905BD-AEAB-4BFF-BCA4-838001B728C4} = {ECDB8B89-12A4-4993-9EB4-92AE959B78C6}
		{CC21684F-0A9B-44FB-A0DD-128B8A1443F4} = {7C85D878-FB69-4503-BE6C-B37937255E77}
		{12E30B32-41BD-4ED0-9410-5097641126FC} = {AA17BF6B-D866-45F1-AFC3-F26E8A69869B}
		{84DA30A4-2248-45E8-A4DD-3F3F572ECB2E} = {CBC0A50C-D10E-4A0E-BE25-5A9EBB74296B}
	EndGlobalSection
EndGlobal
